
Microsoft Visual Studio Solution File, Format Version 12.00
# Visual Studio 15
VisualStudioVersion = 15.0.25428.1
MinimumVisualStudioVersion = 10.0.40219.1
Project("{2150E333-8FDC-42A3-9474-1A3956D46DE8}") = "src", "src", "{F879D81A-6DE8-4CFE-84FF-B3DD450C3F89}"
EndProject
Project("{2150E333-8FDC-42A3-9474-1A3956D46DE8}") = "Solution Items", "Solution Items", "{58BB673D-489C-44C1-9481-B7826BCC00B2}"
	ProjectSection(SolutionItems) = preProject
		src\DioLive.Triangle.ClientContent\Content.mgcb = src\DioLive.Triangle.ClientContent\Content.mgcb
		global.json = global.json
	EndProjectSection
EndProject
Project("{FAE04EC0-301F-11D3-BF4B-00C04F79EFBC}") = "DioLive.Triangle.DesktopClient", "src\DioLive.Triangle.DesktopClient\DioLive.Triangle.DesktopClient.csproj", "{812BE082-557C-4C42-96DD-E3DF7D36478B}"
EndProject
Project("{FAE04EC0-301F-11D3-BF4B-00C04F79EFBC}") = "DioLive.Common.Extensions", "src\DioLive.Common.Extensions\DioLive.Common.Extensions.csproj", "{392B6C6B-B1F0-4BAA-AF47-1CA185C4D6AB}"
EndProject
Project("{FAE04EC0-301F-11D3-BF4B-00C04F79EFBC}") = "DioLive.Common.Helpers", "src\DioLive.Common.Helpers\DioLive.Common.Helpers.csproj", "{5215A30F-53FC-43A4-9B20-7E609A60560E}"
EndProject
Project("{FAE04EC0-301F-11D3-BF4B-00C04F79EFBC}") = "DioLive.Triangle.BindingModels", "src\DioLive.Triangle.BindingModels\DioLive.Triangle.BindingModels.csproj", "{B91C810F-29B0-4793-9F39-F24AD7367AD4}"
EndProject
Project("{FAE04EC0-301F-11D3-BF4B-00C04F79EFBC}") = "DioLive.Triangle.DataStorage", "src\DioLive.Triangle.DataStorage\DioLive.Triangle.DataStorage.csproj", "{2CA73C3C-B4F9-4EC5-A7EA-15DECD4CD819}"
EndProject
Project("{FAE04EC0-301F-11D3-BF4B-00C04F79EFBC}") = "DioLive.Triangle.Geometry", "src\DioLive.Triangle.Geometry\DioLive.Triangle.Geometry.csproj", "{4C95BD5F-932D-4F49-9BF2-D1078580B094}"
EndProject
Project("{FAE04EC0-301F-11D3-BF4B-00C04F79EFBC}") = "DioLive.Triangle.ServerCore", "src\DioLive.Triangle.ServerCore\DioLive.Triangle.ServerCore.csproj", "{5ACB2654-2AD6-4D1F-89D4-2B59B63AADA5}"
EndProject
Global
	GlobalSection(SolutionConfigurationPlatforms) = preSolution
		Debug|Any CPU = Debug|Any CPU
		Debug|x64 = Debug|x64
		Debug|x86 = Debug|x86
		Release|Any CPU = Release|Any CPU
		Release|x64 = Release|x64
		Release|x86 = Release|x86
	EndGlobalSection
	GlobalSection(ProjectConfigurationPlatforms) = postSolution
		{812BE082-557C-4C42-96DD-E3DF7D36478B}.Debug|Any CPU.ActiveCfg = Debug|Any CPU
		{812BE082-557C-4C42-96DD-E3DF7D36478B}.Debug|Any CPU.Build.0 = Debug|Any CPU
		{812BE082-557C-4C42-96DD-E3DF7D36478B}.Debug|x64.ActiveCfg = Debug|Any CPU
		{812BE082-557C-4C42-96DD-E3DF7D36478B}.Debug|x64.Build.0 = Debug|Any CPU
		{812BE082-557C-4C42-96DD-E3DF7D36478B}.Debug|x86.ActiveCfg = Debug|Any CPU
		{812BE082-557C-4C42-96DD-E3DF7D36478B}.Debug|x86.Build.0 = Debug|Any CPU
		{812BE082-557C-4C42-96DD-E3DF7D36478B}.Release|Any CPU.ActiveCfg = Release|Any CPU
		{812BE082-557C-4C42-96DD-E3DF7D36478B}.Release|x64.ActiveCfg = Release|x64
		{812BE082-557C-4C42-96DD-E3DF7D36478B}.Release|x64.Build.0 = Release|x64
		{812BE082-557C-4C42-96DD-E3DF7D36478B}.Release|x86.ActiveCfg = Release|x86
		{812BE082-557C-4C42-96DD-E3DF7D36478B}.Release|x86.Build.0 = Release|x86
		{392B6C6B-B1F0-4BAA-AF47-1CA185C4D6AB}.Debug|Any CPU.ActiveCfg = Debug|Any CPU
		{392B6C6B-B1F0-4BAA-AF47-1CA185C4D6AB}.Debug|Any CPU.Build.0 = Debug|Any CPU
		{392B6C6B-B1F0-4BAA-AF47-1CA185C4D6AB}.Debug|x64.ActiveCfg = Debug|Any CPU
		{392B6C6B-B1F0-4BAA-AF47-1CA185C4D6AB}.Debug|x64.Build.0 = Debug|Any CPU
		{392B6C6B-B1F0-4BAA-AF47-1CA185C4D6AB}.Debug|x86.ActiveCfg = Debug|Any CPU
		{392B6C6B-B1F0-4BAA-AF47-1CA185C4D6AB}.Debug|x86.Build.0 = Debug|Any CPU
		{392B6C6B-B1F0-4BAA-AF47-1CA185C4D6AB}.Release|Any CPU.ActiveCfg = Release|Any CPU
		{392B6C6B-B1F0-4BAA-AF47-1CA185C4D6AB}.Release|Any CPU.Build.0 = Release|Any CPU
		{392B6C6B-B1F0-4BAA-AF47-1CA185C4D6AB}.Release|x64.ActiveCfg = Release|Any CPU
		{392B6C6B-B1F0-4BAA-AF47-1CA185C4D6AB}.Release|x64.Build.0 = Release|Any CPU
		{392B6C6B-B1F0-4BAA-AF47-1CA185C4D6AB}.Release|x86.ActiveCfg = Release|Any CPU
		{392B6C6B-B1F0-4BAA-AF47-1CA185C4D6AB}.Release|x86.Build.0 = Release|Any CPU
		{5215A30F-53FC-43A4-9B20-7E609A60560E}.Debug|Any CPU.ActiveCfg = Debug|Any CPU
		{5215A30F-53FC-43A4-9B20-7E609A60560E}.Debug|Any CPU.Build.0 = Debug|Any CPU
		{5215A30F-53FC-43A4-9B20-7E609A60560E}.Debug|x64.ActiveCfg = Debug|Any CPU
		{5215A30F-53FC-43A4-9B20-7E609A60560E}.Debug|x64.Build.0 = Debug|Any CPU
		{5215A30F-53FC-43A4-9B20-7E609A60560E}.Debug|x86.ActiveCfg = Debug|Any CPU
		{5215A30F-53FC-43A4-9B20-7E609A60560E}.Debug|x86.Build.0 = Debug|Any CPU
		{5215A30F-53FC-43A4-9B20-7E609A60560E}.Release|Any CPU.ActiveCfg = Release|Any CPU
		{5215A30F-53FC-43A4-9B20-7E609A60560E}.Release|Any CPU.Build.0 = Release|Any CPU
		{5215A30F-53FC-43A4-9B20-7E609A60560E}.Release|x64.ActiveCfg = Release|Any CPU
		{5215A30F-53FC-43A4-9B20-7E609A60560E}.Release|x64.Build.0 = Release|Any CPU
		{5215A30F-53FC-43A4-9B20-7E609A60560E}.Release|x86.ActiveCfg = Release|Any CPU
		{5215A30F-53FC-43A4-9B20-7E609A60560E}.Release|x86.Build.0 = Release|Any CPU
		{B91C810F-29B0-4793-9F39-F24AD7367AD4}.Debug|Any CPU.ActiveCfg = Debug|Any CPU
		{B91C810F-29B0-4793-9F39-F24AD7367AD4}.Debug|Any CPU.Build.0 = Debug|Any CPU
		{B91C810F-29B0-4793-9F39-F24AD7367AD4}.Debug|x64.ActiveCfg = Debug|Any CPU
		{B91C810F-29B0-4793-9F39-F24AD7367AD4}.Debug|x64.Build.0 = Debug|Any CPU
		{B91C810F-29B0-4793-9F39-F24AD7367AD4}.Debug|x86.ActiveCfg = Debug|Any CPU
		{B91C810F-29B0-4793-9F39-F24AD7367AD4}.Debug|x86.Build.0 = Debug|Any CPU
		{B91C810F-29B0-4793-9F39-F24AD7367AD4}.Release|Any CPU.ActiveCfg = Release|Any CPU
		{B91C810F-29B0-4793-9F39-F24AD7367AD4}.Release|Any CPU.Build.0 = Release|Any CPU
		{B91C810F-29B0-4793-9F39-F24AD7367AD4}.Release|x64.ActiveCfg = Release|Any CPU
		{B91C810F-29B0-4793-9F39-F24AD7367AD4}.Release|x64.Build.0 = Release|Any CPU
		{B91C810F-29B0-4793-9F39-F24AD7367AD4}.Release|x86.ActiveCfg = Release|Any CPU
		{B91C810F-29B0-4793-9F39-F24AD7367AD4}.Release|x86.Build.0 = Release|Any CPU
		{2CA73C3C-B4F9-4EC5-A7EA-15DECD4CD819}.Debug|Any CPU.ActiveCfg = Debug|Any CPU
		{2CA73C3C-B4F9-4EC5-A7EA-15DECD4CD819}.Debug|Any CPU.Build.0 = Debug|Any CPU
		{2CA73C3C-B4F9-4EC5-A7EA-15DECD4CD819}.Debug|x64.ActiveCfg = Debug|Any CPU
		{2CA73C3C-B4F9-4EC5-A7EA-15DECD4CD819}.Debug|x64.Build.0 = Debug|Any CPU
		{2CA73C3C-B4F9-4EC5-A7EA-15DECD4CD819}.Debug|x86.ActiveCfg = Debug|Any CPU
		{2CA73C3C-B4F9-4EC5-A7EA-15DECD4CD819}.Debug|x86.Build.0 = Debug|Any CPU
		{2CA73C3C-B4F9-4EC5-A7EA-15DECD4CD819}.Release|Any CPU.ActiveCfg = Release|Any CPU
		{2CA73C3C-B4F9-4EC5-A7EA-15DECD4CD819}.Release|Any CPU.Build.0 = Release|Any CPU
		{2CA73C3C-B4F9-4EC5-A7EA-15DECD4CD819}.Release|x64.ActiveCfg = Release|Any CPU
		{2CA73C3C-B4F9-4EC5-A7EA-15DECD4CD819}.Release|x64.Build.0 = Release|Any CPU
		{2CA73C3C-B4F9-4EC5-A7EA-15DECD4CD819}.Release|x86.ActiveCfg = Release|Any CPU
		{2CA73C3C-B4F9-4EC5-A7EA-15DECD4CD819}.Release|x86.Build.0 = Release|Any CPU
		{4C95BD5F-932D-4F49-9BF2-D1078580B094}.Debug|Any CPU.ActiveCfg = Debug|Any CPU
		{4C95BD5F-932D-4F49-9BF2-D1078580B094}.Debug|Any CPU.Build.0 = Debug|Any CPU
		{4C95BD5F-932D-4F49-9BF2-D1078580B094}.Debug|x64.ActiveCfg = Debug|Any CPU
		{4C95BD5F-932D-4F49-9BF2-D1078580B094}.Debug|x64.Build.0 = Debug|Any CPU
		{4C95BD5F-932D-4F49-9BF2-D1078580B094}.Debug|x86.ActiveCfg = Debug|Any CPU
		{4C95BD5F-932D-4F49-9BF2-D1078580B094}.Debug|x86.Build.0 = Debug|Any CPU
		{4C95BD5F-932D-4F49-9BF2-D1078580B094}.Release|Any CPU.ActiveCfg = Release|Any CPU
		{4C95BD5F-932D-4F49-9BF2-D1078580B094}.Release|Any CPU.Build.0 = Release|Any CPU
		{4C95BD5F-932D-4F49-9BF2-D1078580B094}.Release|x64.ActiveCfg = Release|Any CPU
		{4C95BD5F-932D-4F49-9BF2-D1078580B094}.Release|x64.Build.0 = Release|Any CPU
		{4C95BD5F-932D-4F49-9BF2-D1078580B094}.Release|x86.ActiveCfg = Release|Any CPU
		{4C95BD5F-932D-4F49-9BF2-D1078580B094}.Release|x86.Build.0 = Release|Any CPU
		{5ACB2654-2AD6-4D1F-89D4-2B59B63AADA5}.Debug|Any CPU.ActiveCfg = Debug|Any CPU
		{5ACB2654-2AD6-4D1F-89D4-2B59B63AADA5}.Debug|Any CPU.Build.0 = Debug|Any CPU
		{5ACB2654-2AD6-4D1F-89D4-2B59B63AADA5}.Debug|x64.ActiveCfg = Debug|Any CPU
		{5ACB2654-2AD6-4D1F-89D4-2B59B63AADA5}.Debug|x64.Build.0 = Debug|Any CPU
		{5ACB2654-2AD6-4D1F-89D4-2B59B63AADA5}.Debug|x86.ActiveCfg = Debug|Any CPU
		{5ACB2654-2AD6-4D1F-89D4-2B59B63AADA5}.Debug|x86.Build.0 = Debug|Any CPU
		{5ACB2654-2AD6-4D1F-89D4-2B59B63AADA5}.Release|Any CPU.ActiveCfg = Release|Any CPU
		{5ACB2654-2AD6-4D1F-89D4-2B59B63AADA5}.Release|Any CPU.Build.0 = Release|Any CPU
		{5ACB2654-2AD6-4D1F-89D4-2B59B63AADA5}.Release|x64.ActiveCfg = Release|Any CPU
		{5ACB2654-2AD6-4D1F-89D4-2B59B63AADA5}.Release|x64.Build.0 = Release|Any CPU
		{5ACB2654-2AD6-4D1F-89D4-2B59B63AADA5}.Release|x86.ActiveCfg = Release|Any CPU
		{5ACB2654-2AD6-4D1F-89D4-2B59B63AADA5}.Release|x86.Build.0 = Release|Any CPU
	EndGlobalSection
	GlobalSection(SolutionProperties) = preSolution
		HideSolutionNode = FALSE
	EndGlobalSection
	GlobalSection(NestedProjects) = preSolution
		{812BE082-557C-4C42-96DD-E3DF7D36478B} = {F879D81A-6DE8-4CFE-84FF-B3DD450C3F89}
		{392B6C6B-B1F0-4BAA-AF47-1CA185C4D6AB} = {F879D81A-6DE8-4CFE-84FF-B3DD450C3F89}
		{5215A30F-53FC-43A4-9B20-7E609A60560E} = {F879D81A-6DE8-4CFE-84FF-B3DD450C3F89}
		{B91C810F-29B0-4793-9F39-F24AD7367AD4} = {F879D81A-6DE8-4CFE-84FF-B3DD450C3F89}
		{2CA73C3C-B4F9-4EC5-A7EA-15DECD4CD819} = {F879D81A-6DE8-4CFE-84FF-B3DD450C3F89}
		{4C95BD5F-932D-4F49-9BF2-D1078580B094} = {F879D81A-6DE8-4CFE-84FF-B3DD450C3F89}
		{5ACB2654-2AD6-4D1F-89D4-2B59B63AADA5} = {F879D81A-6DE8-4CFE-84FF-B3DD450C3F89}
	EndGlobalSection
EndGlobal
