
Microsoft Visual Studio Solution File, Format Version 12.00
# Visual Studio 14
VisualStudioVersion = 14.0.25123.0
MinimumVisualStudioVersion = 10.0.40219.1
Project("{2150E333-8FDC-42A3-9474-1A3956D46DE8}") = "src", "src", "{F879D81A-6DE8-4CFE-84FF-B3DD450C3F89}"
EndProject
Project("{2150E333-8FDC-42A3-9474-1A3956D46DE8}") = "Solution Items", "Solution Items", "{58BB673D-489C-44C1-9481-B7826BCC00B2}"
	ProjectSection(SolutionItems) = preProject
		src\DioLive.Triangle.ClientContent\Content.mgcb = src\DioLive.Triangle.ClientContent\Content.mgcb
		global.json = global.json
	EndProjectSection
EndProject
Project("{8BB2217D-0F2D-49D1-97BC-3654ED321F3B}") = "DioLive.Triangle.ServerCore", "src\DioLive.Triangle.ServerCore\DioLive.Triangle.ServerCore.xproj", "{687E0F9F-772D-4C29-9FE9-7D8447DE7165}"
EndProject
Project("{8BB2217D-0F2D-49D1-97BC-3654ED321F3B}") = "DioLive.Triangle.BindingModels", "src\DioLive.Triangle.BindingModels\DioLive.Triangle.BindingModels.xproj", "{B0774A17-5D06-48DD-9528-626ABB09CEB4}"
EndProject
Project("{8BB2217D-0F2D-49D1-97BC-3654ED321F3B}") = "DioLive.Triangle.DataStorage", "src\DioLive.Triangle.DataStorage\DioLive.Triangle.DataStorage.xproj", "{0D7624D9-8C73-44B5-91C4-7DB0C6C67FAF}"
EndProject
Project("{8BB2217D-0F2D-49D1-97BC-3654ED321F3B}") = "DioLive.Triangle.ServerClient", "src\DioLive.Triangle.ServerClient\DioLive.Triangle.ServerClient.xproj", "{FFE01B7A-14A8-44CD-847B-AD46B1465E5D}"
EndProject
Project("{8BB2217D-0F2D-49D1-97BC-3654ED321F3B}") = "DioLive.Triangle.CoreClient", "src\DioLive.Triangle.CoreClient\DioLive.Triangle.CoreClient.xproj", "{E68F0C6B-43F8-499D-98FA-A7C14B9D4F91}"
EndProject
Project("{8BB2217D-0F2D-49D1-97BC-3654ED321F3B}") = "DioLive.Triangle.Geometry", "src\DioLive.Triangle.Geometry\DioLive.Triangle.Geometry.xproj", "{07D71366-69DA-4347-AFC0-73C79C4D9731}"
EndProject
Project("{8BB2217D-0F2D-49D1-97BC-3654ED321F3B}") = "DioLive.Common.Extensions", "src\DioLive.Common.Extensions\DioLive.Common.Extensions.xproj", "{6F248E8F-15E2-477C-B4A4-5DA0E13AA779}"
EndProject
Project("{8BB2217D-0F2D-49D1-97BC-3654ED321F3B}") = "DioLive.Triangle.Protocol", "src\DioLive.Triangle.Protocol\DioLive.Triangle.Protocol.xproj", "{A4D4A658-C095-4D31-B1B9-B420CD5E95FA}"
EndProject
Project("{8BB2217D-0F2D-49D1-97BC-3654ED321F3B}") = "DioLive.Triangle.Protocol.Json", "src\DioLive.Triangle.Protocol.Json\DioLive.Triangle.Protocol.Json.xproj", "{16EB675B-B845-4AB9-8BE9-6249EDA56DEC}"
EndProject
Project("{8BB2217D-0F2D-49D1-97BC-3654ED321F3B}") = "DioLive.Common.Helpers", "src\DioLive.Common.Helpers\DioLive.Common.Helpers.xproj", "{237C479B-CD8F-4AB5-8B2D-74F3B8B07378}"
EndProject
Global
	GlobalSection(SolutionConfigurationPlatforms) = preSolution
		Debug|Any CPU = Debug|Any CPU
		Debug|x64 = Debug|x64
		Debug|x86 = Debug|x86
		Release|Any CPU = Release|Any CPU
		Release|x64 = Release|x64
		Release|x86 = Release|x86
	EndGlobalSection
	GlobalSection(ProjectConfigurationPlatforms) = postSolution
		{687E0F9F-772D-4C29-9FE9-7D8447DE7165}.Debug|Any CPU.ActiveCfg = Debug|Any CPU
		{687E0F9F-772D-4C29-9FE9-7D8447DE7165}.Debug|Any CPU.Build.0 = Debug|Any CPU
		{687E0F9F-772D-4C29-9FE9-7D8447DE7165}.Debug|x64.ActiveCfg = Debug|Any CPU
		{687E0F9F-772D-4C29-9FE9-7D8447DE7165}.Debug|x64.Build.0 = Debug|Any CPU
		{687E0F9F-772D-4C29-9FE9-7D8447DE7165}.Debug|x86.ActiveCfg = Debug|Any CPU
		{687E0F9F-772D-4C29-9FE9-7D8447DE7165}.Debug|x86.Build.0 = Debug|Any CPU
		{687E0F9F-772D-4C29-9FE9-7D8447DE7165}.Release|Any CPU.ActiveCfg = Release|Any CPU
		{687E0F9F-772D-4C29-9FE9-7D8447DE7165}.Release|Any CPU.Build.0 = Release|Any CPU
		{687E0F9F-772D-4C29-9FE9-7D8447DE7165}.Release|x64.ActiveCfg = Release|Any CPU
		{687E0F9F-772D-4C29-9FE9-7D8447DE7165}.Release|x64.Build.0 = Release|Any CPU
		{687E0F9F-772D-4C29-9FE9-7D8447DE7165}.Release|x86.ActiveCfg = Release|Any CPU
		{687E0F9F-772D-4C29-9FE9-7D8447DE7165}.Release|x86.Build.0 = Release|Any CPU
		{B0774A17-5D06-48DD-9528-626ABB09CEB4}.Debug|Any CPU.ActiveCfg = Debug|Any CPU
		{B0774A17-5D06-48DD-9528-626ABB09CEB4}.Debug|Any CPU.Build.0 = Debug|Any CPU
		{B0774A17-5D06-48DD-9528-626ABB09CEB4}.Debug|x64.ActiveCfg = Debug|Any CPU
		{B0774A17-5D06-48DD-9528-626ABB09CEB4}.Debug|x64.Build.0 = Debug|Any CPU
		{B0774A17-5D06-48DD-9528-626ABB09CEB4}.Debug|x86.ActiveCfg = Debug|Any CPU
		{B0774A17-5D06-48DD-9528-626ABB09CEB4}.Debug|x86.Build.0 = Debug|Any CPU
		{B0774A17-5D06-48DD-9528-626ABB09CEB4}.Release|Any CPU.ActiveCfg = Release|Any CPU
		{B0774A17-5D06-48DD-9528-626ABB09CEB4}.Release|Any CPU.Build.0 = Release|Any CPU
		{B0774A17-5D06-48DD-9528-626ABB09CEB4}.Release|x64.ActiveCfg = Release|Any CPU
		{B0774A17-5D06-48DD-9528-626ABB09CEB4}.Release|x64.Build.0 = Release|Any CPU
		{B0774A17-5D06-48DD-9528-626ABB09CEB4}.Release|x86.ActiveCfg = Release|Any CPU
		{B0774A17-5D06-48DD-9528-626ABB09CEB4}.Release|x86.Build.0 = Release|Any CPU
		{0D7624D9-8C73-44B5-91C4-7DB0C6C67FAF}.Debug|Any CPU.ActiveCfg = Debug|Any CPU
		{0D7624D9-8C73-44B5-91C4-7DB0C6C67FAF}.Debug|Any CPU.Build.0 = Debug|Any CPU
		{0D7624D9-8C73-44B5-91C4-7DB0C6C67FAF}.Debug|x64.ActiveCfg = Debug|Any CPU
		{0D7624D9-8C73-44B5-91C4-7DB0C6C67FAF}.Debug|x64.Build.0 = Debug|Any CPU
		{0D7624D9-8C73-44B5-91C4-7DB0C6C67FAF}.Debug|x86.ActiveCfg = Debug|Any CPU
		{0D7624D9-8C73-44B5-91C4-7DB0C6C67FAF}.Debug|x86.Build.0 = Debug|Any CPU
		{0D7624D9-8C73-44B5-91C4-7DB0C6C67FAF}.Release|Any CPU.ActiveCfg = Release|Any CPU
		{0D7624D9-8C73-44B5-91C4-7DB0C6C67FAF}.Release|Any CPU.Build.0 = Release|Any CPU
		{0D7624D9-8C73-44B5-91C4-7DB0C6C67FAF}.Release|x64.ActiveCfg = Release|Any CPU
		{0D7624D9-8C73-44B5-91C4-7DB0C6C67FAF}.Release|x64.Build.0 = Release|Any CPU
		{0D7624D9-8C73-44B5-91C4-7DB0C6C67FAF}.Release|x86.ActiveCfg = Release|Any CPU
		{0D7624D9-8C73-44B5-91C4-7DB0C6C67FAF}.Release|x86.Build.0 = Release|Any CPU
		{FFE01B7A-14A8-44CD-847B-AD46B1465E5D}.Debug|Any CPU.ActiveCfg = Debug|Any CPU
		{FFE01B7A-14A8-44CD-847B-AD46B1465E5D}.Debug|Any CPU.Build.0 = Debug|Any CPU
		{FFE01B7A-14A8-44CD-847B-AD46B1465E5D}.Debug|x64.ActiveCfg = Debug|Any CPU
		{FFE01B7A-14A8-44CD-847B-AD46B1465E5D}.Debug|x64.Build.0 = Debug|Any CPU
		{FFE01B7A-14A8-44CD-847B-AD46B1465E5D}.Debug|x86.ActiveCfg = Debug|Any CPU
		{FFE01B7A-14A8-44CD-847B-AD46B1465E5D}.Debug|x86.Build.0 = Debug|Any CPU
		{FFE01B7A-14A8-44CD-847B-AD46B1465E5D}.Release|Any CPU.ActiveCfg = Release|Any CPU
		{FFE01B7A-14A8-44CD-847B-AD46B1465E5D}.Release|Any CPU.Build.0 = Release|Any CPU
		{FFE01B7A-14A8-44CD-847B-AD46B1465E5D}.Release|x64.ActiveCfg = Release|Any CPU
		{FFE01B7A-14A8-44CD-847B-AD46B1465E5D}.Release|x64.Build.0 = Release|Any CPU
		{FFE01B7A-14A8-44CD-847B-AD46B1465E5D}.Release|x86.ActiveCfg = Release|Any CPU
		{FFE01B7A-14A8-44CD-847B-AD46B1465E5D}.Release|x86.Build.0 = Release|Any CPU
		{E68F0C6B-43F8-499D-98FA-A7C14B9D4F91}.Debug|Any CPU.ActiveCfg = Debug|Any CPU
		{E68F0C6B-43F8-499D-98FA-A7C14B9D4F91}.Debug|Any CPU.Build.0 = Debug|Any CPU
		{E68F0C6B-43F8-499D-98FA-A7C14B9D4F91}.Debug|x64.ActiveCfg = Debug|Any CPU
		{E68F0C6B-43F8-499D-98FA-A7C14B9D4F91}.Debug|x64.Build.0 = Debug|Any CPU
		{E68F0C6B-43F8-499D-98FA-A7C14B9D4F91}.Debug|x86.ActiveCfg = Debug|Any CPU
		{E68F0C6B-43F8-499D-98FA-A7C14B9D4F91}.Debug|x86.Build.0 = Debug|Any CPU
		{E68F0C6B-43F8-499D-98FA-A7C14B9D4F91}.Release|Any CPU.ActiveCfg = Release|Any CPU
		{E68F0C6B-43F8-499D-98FA-A7C14B9D4F91}.Release|Any CPU.Build.0 = Release|Any CPU
		{E68F0C6B-43F8-499D-98FA-A7C14B9D4F91}.Release|x64.ActiveCfg = Release|Any CPU
		{E68F0C6B-43F8-499D-98FA-A7C14B9D4F91}.Release|x64.Build.0 = Release|Any CPU
		{E68F0C6B-43F8-499D-98FA-A7C14B9D4F91}.Release|x86.ActiveCfg = Release|Any CPU
		{E68F0C6B-43F8-499D-98FA-A7C14B9D4F91}.Release|x86.Build.0 = Release|Any CPU
		{07D71366-69DA-4347-AFC0-73C79C4D9731}.Debug|Any CPU.ActiveCfg = Debug|Any CPU
		{07D71366-69DA-4347-AFC0-73C79C4D9731}.Debug|Any CPU.Build.0 = Debug|Any CPU
		{07D71366-69DA-4347-AFC0-73C79C4D9731}.Debug|x64.ActiveCfg = Debug|Any CPU
		{07D71366-69DA-4347-AFC0-73C79C4D9731}.Debug|x64.Build.0 = Debug|Any CPU
		{07D71366-69DA-4347-AFC0-73C79C4D9731}.Debug|x86.ActiveCfg = Debug|Any CPU
		{07D71366-69DA-4347-AFC0-73C79C4D9731}.Debug|x86.Build.0 = Debug|Any CPU
		{07D71366-69DA-4347-AFC0-73C79C4D9731}.Release|Any CPU.ActiveCfg = Release|Any CPU
		{07D71366-69DA-4347-AFC0-73C79C4D9731}.Release|Any CPU.Build.0 = Release|Any CPU
		{07D71366-69DA-4347-AFC0-73C79C4D9731}.Release|x64.ActiveCfg = Release|Any CPU
		{07D71366-69DA-4347-AFC0-73C79C4D9731}.Release|x64.Build.0 = Release|Any CPU
		{07D71366-69DA-4347-AFC0-73C79C4D9731}.Release|x86.ActiveCfg = Release|Any CPU
		{07D71366-69DA-4347-AFC0-73C79C4D9731}.Release|x86.Build.0 = Release|Any CPU
		{6F248E8F-15E2-477C-B4A4-5DA0E13AA779}.Debug|Any CPU.ActiveCfg = Debug|Any CPU
		{6F248E8F-15E2-477C-B4A4-5DA0E13AA779}.Debug|Any CPU.Build.0 = Debug|Any CPU
		{6F248E8F-15E2-477C-B4A4-5DA0E13AA779}.Debug|x64.ActiveCfg = Debug|Any CPU
		{6F248E8F-15E2-477C-B4A4-5DA0E13AA779}.Debug|x64.Build.0 = Debug|Any CPU
		{6F248E8F-15E2-477C-B4A4-5DA0E13AA779}.Debug|x86.ActiveCfg = Debug|Any CPU
		{6F248E8F-15E2-477C-B4A4-5DA0E13AA779}.Debug|x86.Build.0 = Debug|Any CPU
		{6F248E8F-15E2-477C-B4A4-5DA0E13AA779}.Release|Any CPU.ActiveCfg = Release|Any CPU
		{6F248E8F-15E2-477C-B4A4-5DA0E13AA779}.Release|Any CPU.Build.0 = Release|Any CPU
		{6F248E8F-15E2-477C-B4A4-5DA0E13AA779}.Release|x64.ActiveCfg = Release|Any CPU
		{6F248E8F-15E2-477C-B4A4-5DA0E13AA779}.Release|x64.Build.0 = Release|Any CPU
		{6F248E8F-15E2-477C-B4A4-5DA0E13AA779}.Release|x86.ActiveCfg = Release|Any CPU
		{6F248E8F-15E2-477C-B4A4-5DA0E13AA779}.Release|x86.Build.0 = Release|Any CPU
		{A4D4A658-C095-4D31-B1B9-B420CD5E95FA}.Debug|Any CPU.ActiveCfg = Debug|Any CPU
		{A4D4A658-C095-4D31-B1B9-B420CD5E95FA}.Debug|Any CPU.Build.0 = Debug|Any CPU
		{A4D4A658-C095-4D31-B1B9-B420CD5E95FA}.Debug|x64.ActiveCfg = Debug|Any CPU
		{A4D4A658-C095-4D31-B1B9-B420CD5E95FA}.Debug|x64.Build.0 = Debug|Any CPU
		{A4D4A658-C095-4D31-B1B9-B420CD5E95FA}.Debug|x86.ActiveCfg = Debug|Any CPU
		{A4D4A658-C095-4D31-B1B9-B420CD5E95FA}.Debug|x86.Build.0 = Debug|Any CPU
		{A4D4A658-C095-4D31-B1B9-B420CD5E95FA}.Release|Any CPU.ActiveCfg = Release|Any CPU
		{A4D4A658-C095-4D31-B1B9-B420CD5E95FA}.Release|Any CPU.Build.0 = Release|Any CPU
		{A4D4A658-C095-4D31-B1B9-B420CD5E95FA}.Release|x64.ActiveCfg = Release|Any CPU
		{A4D4A658-C095-4D31-B1B9-B420CD5E95FA}.Release|x64.Build.0 = Release|Any CPU
		{A4D4A658-C095-4D31-B1B9-B420CD5E95FA}.Release|x86.ActiveCfg = Release|Any CPU
		{A4D4A658-C095-4D31-B1B9-B420CD5E95FA}.Release|x86.Build.0 = Release|Any CPU
		{16EB675B-B845-4AB9-8BE9-6249EDA56DEC}.Debug|Any CPU.ActiveCfg = Debug|Any CPU
		{16EB675B-B845-4AB9-8BE9-6249EDA56DEC}.Debug|Any CPU.Build.0 = Debug|Any CPU
		{16EB675B-B845-4AB9-8BE9-6249EDA56DEC}.Debug|x64.ActiveCfg = Debug|Any CPU
		{16EB675B-B845-4AB9-8BE9-6249EDA56DEC}.Debug|x64.Build.0 = Debug|Any CPU
		{16EB675B-B845-4AB9-8BE9-6249EDA56DEC}.Debug|x86.ActiveCfg = Debug|Any CPU
		{16EB675B-B845-4AB9-8BE9-6249EDA56DEC}.Debug|x86.Build.0 = Debug|Any CPU
		{16EB675B-B845-4AB9-8BE9-6249EDA56DEC}.Release|Any CPU.ActiveCfg = Release|Any CPU
		{16EB675B-B845-4AB9-8BE9-6249EDA56DEC}.Release|Any CPU.Build.0 = Release|Any CPU
		{16EB675B-B845-4AB9-8BE9-6249EDA56DEC}.Release|x64.ActiveCfg = Release|Any CPU
		{16EB675B-B845-4AB9-8BE9-6249EDA56DEC}.Release|x64.Build.0 = Release|Any CPU
		{16EB675B-B845-4AB9-8BE9-6249EDA56DEC}.Release|x86.ActiveCfg = Release|Any CPU
		{16EB675B-B845-4AB9-8BE9-6249EDA56DEC}.Release|x86.Build.0 = Release|Any CPU
		{237C479B-CD8F-4AB5-8B2D-74F3B8B07378}.Debug|Any CPU.ActiveCfg = Debug|Any CPU
		{237C479B-CD8F-4AB5-8B2D-74F3B8B07378}.Debug|Any CPU.Build.0 = Debug|Any CPU
		{237C479B-CD8F-4AB5-8B2D-74F3B8B07378}.Debug|x64.ActiveCfg = Debug|Any CPU
		{237C479B-CD8F-4AB5-8B2D-74F3B8B07378}.Debug|x64.Build.0 = Debug|Any CPU
		{237C479B-CD8F-4AB5-8B2D-74F3B8B07378}.Debug|x86.ActiveCfg = Debug|Any CPU
		{237C479B-CD8F-4AB5-8B2D-74F3B8B07378}.Debug|x86.Build.0 = Debug|Any CPU
		{237C479B-CD8F-4AB5-8B2D-74F3B8B07378}.Release|Any CPU.ActiveCfg = Release|Any CPU
		{237C479B-CD8F-4AB5-8B2D-74F3B8B07378}.Release|Any CPU.Build.0 = Release|Any CPU
		{237C479B-CD8F-4AB5-8B2D-74F3B8B07378}.Release|x64.ActiveCfg = Release|Any CPU
		{237C479B-CD8F-4AB5-8B2D-74F3B8B07378}.Release|x64.Build.0 = Release|Any CPU
		{237C479B-CD8F-4AB5-8B2D-74F3B8B07378}.Release|x86.ActiveCfg = Release|Any CPU
		{237C479B-CD8F-4AB5-8B2D-74F3B8B07378}.Release|x86.Build.0 = Release|Any CPU
	EndGlobalSection
	GlobalSection(SolutionProperties) = preSolution
		HideSolutionNode = FALSE
	EndGlobalSection
	GlobalSection(NestedProjects) = preSolution
		{687E0F9F-772D-4C29-9FE9-7D8447DE7165} = {F879D81A-6DE8-4CFE-84FF-B3DD450C3F89}
		{B0774A17-5D06-48DD-9528-626ABB09CEB4} = {F879D81A-6DE8-4CFE-84FF-B3DD450C3F89}
		{0D7624D9-8C73-44B5-91C4-7DB0C6C67FAF} = {F879D81A-6DE8-4CFE-84FF-B3DD450C3F89}
		{FFE01B7A-14A8-44CD-847B-AD46B1465E5D} = {F879D81A-6DE8-4CFE-84FF-B3DD450C3F89}
		{E68F0C6B-43F8-499D-98FA-A7C14B9D4F91} = {F879D81A-6DE8-4CFE-84FF-B3DD450C3F89}
		{07D71366-69DA-4347-AFC0-73C79C4D9731} = {F879D81A-6DE8-4CFE-84FF-B3DD450C3F89}
		{6F248E8F-15E2-477C-B4A4-5DA0E13AA779} = {F879D81A-6DE8-4CFE-84FF-B3DD450C3F89}
		{A4D4A658-C095-4D31-B1B9-B420CD5E95FA} = {F879D81A-6DE8-4CFE-84FF-B3DD450C3F89}
		{16EB675B-B845-4AB9-8BE9-6249EDA56DEC} = {F879D81A-6DE8-4CFE-84FF-B3DD450C3F89}
		{237C479B-CD8F-4AB5-8B2D-74F3B8B07378} = {F879D81A-6DE8-4CFE-84FF-B3DD450C3F89}
	EndGlobalSection
EndGlobal
